
Microsoft Visual Studio Solution File, Format Version 12.00
# Visual Studio Version 16
VisualStudioVersion = 16.0.30517.126
MinimumVisualStudioVersion = 10.0.40219.1
Project("{FAE04EC0-301F-11D3-BF4B-00C04F79EFBC}") = "paniqueado", "paniqueado\paniqueado\paniqueado.csproj", "{699F1AF5-A1B2-4174-A0DB-A5D81278BE98}"
EndProject
Project("{96E2B04D-8817-42C6-938A-82C39BA4D311}") = "paniqueadoContent", "paniqueado\paniqueadoContent\paniqueadoContent.contentproj", "{E53BCBE2-8A7E-4AEF-8BB0-0F9686E23470}"
EndProject
Global
	GlobalSection(SolutionConfigurationPlatforms) = preSolution
		Debug|x86 = Debug|x86
		Release|x86 = Release|x86
	EndGlobalSection
	GlobalSection(ProjectConfigurationPlatforms) = postSolution
		{699F1AF5-A1B2-4174-A0DB-A5D81278BE98}.Debug|x86.ActiveCfg = Debug|x86
		{699F1AF5-A1B2-4174-A0DB-A5D81278BE98}.Debug|x86.Build.0 = Debug|x86
		{699F1AF5-A1B2-4174-A0DB-A5D81278BE98}.Release|x86.ActiveCfg = Release|x86
		{699F1AF5-A1B2-4174-A0DB-A5D81278BE98}.Release|x86.Build.0 = Release|x86
		{E53BCBE2-8A7E-4AEF-8BB0-0F9686E23470}.Debug|x86.ActiveCfg = Debug|x86
		{E53BCBE2-8A7E-4AEF-8BB0-0F9686E23470}.Release|x86.ActiveCfg = Release|x86
	EndGlobalSection
	GlobalSection(SolutionProperties) = preSolution
		HideSolutionNode = FALSE
	EndGlobalSection
	GlobalSection(ExtensibilityGlobals) = postSolution
		SolutionGuid = {78215B12-4496-43A5-90BA-F4149D43AC32}
	EndGlobalSection
EndGlobal
